
Microsoft Visual Studio Solution File, Format Version 12.00
# Visual Studio Version 17
VisualStudioVersion = 17.5.002.0
MinimumVisualStudioVersion = 10.0.40219.1
Project("{9A19103F-16F7-4668-BE54-9A1E7A4F7556}") = "ha-sharp", "ha-sharp.csproj", "{A69B155B-D683-408D-9DEC-E94C3522F602}"
EndProject
Global
	GlobalSection(SolutionConfigurationPlatforms) = preSolution
		Debug|Any CPU = Debug|Any CPU
		Release|Any CPU = Release|Any CPU
	EndGlobalSection
	GlobalSection(ProjectConfigurationPlatforms) = postSolution
		{A69B155B-D683-408D-9DEC-E94C3522F602}.Debug|Any CPU.ActiveCfg = Debug|Any CPU
		{A69B155B-D683-408D-9DEC-E94C3522F602}.Debug|Any CPU.Build.0 = Debug|Any CPU
		{A69B155B-D683-408D-9DEC-E94C3522F602}.Release|Any CPU.ActiveCfg = Release|Any CPU
		{A69B155B-D683-408D-9DEC-E94C3522F602}.Release|Any CPU.Build.0 = Release|Any CPU
	EndGlobalSection
	GlobalSection(SolutionProperties) = preSolution
		HideSolutionNode = FALSE
	EndGlobalSection
	GlobalSection(ExtensibilityGlobals) = postSolution
		SolutionGuid = {3EC86275-B43A-4C55-A486-883A61FAD0D4}
	EndGlobalSection
EndGlobal
